
Microsoft Visual Studio Solution File, Format Version 12.00
Project("{FAE04EC0-301F-11D3-BF4B-00C04F79EFBC}") = "AABAnalyzer", "AABAnalyzer\AABAnalyzer.csproj", "{940D9BDB-942E-400E-99DA-F5884281658C}"
EndProject
Global
	GlobalSection(SolutionConfigurationPlatforms) = preSolution
		Debug|Any CPU = Debug|Any CPU
		Release|Any CPU = Release|Any CPU
	EndGlobalSection
	GlobalSection(ProjectConfigurationPlatforms) = postSolution
		{940D9BDB-942E-400E-99DA-F5884281658C}.Debug|Any CPU.ActiveCfg = Debug|Any CPU
		{940D9BDB-942E-400E-99DA-F5884281658C}.Debug|Any CPU.Build.0 = Debug|Any CPU
		{940D9BDB-942E-400E-99DA-F5884281658C}.Release|Any CPU.ActiveCfg = Release|Any CPU
		{940D9BDB-942E-400E-99DA-F5884281658C}.Release|Any CPU.Build.0 = Release|Any CPU
	EndGlobalSection
EndGlobal
